{
  "version": 4,
  "terraform_version": "0.12.1",
  "serial": 12,
  "lineage": "62170758-16dd-fbdc-5ff0-a1cc3d009125",
  "outputs": {
    "artifactory": {
      "value": "3.15.149.8",
      "type": "string"
    },
    "ci": {
      "value": "13.58.7.242",
      "type": "string"
    },
    "devtools": {
      "value": "3.17.157.141",
      "type": "string"
    },
    "qa": {
      "value": "18.191.225.15",
      "type": "string"
    }
  },
  "resources": [
    {
      "mode": "managed",
      "type": "aws_instance",
      "name": "artifactory",
      "provider": "provider.aws",
      "instances": [
        {
          "schema_version": 1,
          "attributes": {
            "ami": "ami-0d73c05040ee827f7",
            "arn": "arn:aws:ec2:us-east-2:945174976979:instance/i-03d6389daab3c8c9a",
            "associate_public_ip_address": true,
            "availability_zone": "us-east-2a",
            "cpu_core_count": 1,
            "cpu_threads_per_core": 1,
            "credit_specification": [
              {
                "cpu_credits": "standard"
              }
            ],
            "disable_api_termination": false,
            "ebs_block_device": [],
            "ebs_optimized": false,
            "ephemeral_block_device": [],
            "get_password_data": false,
            "host_id": null,
            "iam_instance_profile": "",
            "id": "i-03d6389daab3c8c9a",
            "instance_initiated_shutdown_behavior": null,
            "instance_state": "running",
            "instance_type": "t2.micro",
            "ipv6_address_count": 0,
            "ipv6_addresses": [],
            "key_name": "testkp",
            "monitoring": false,
            "network_interface": [],
            "network_interface_id": null,
            "password_data": "",
            "placement_group": "",
            "primary_network_interface_id": "eni-02b54c308ee53ea53",
            "private_dns": "ip-10-0-51-188.us-east-2.compute.internal",
            "private_ip": "10.0.51.188",
            "public_dns": "ec2-3-15-149-8.us-east-2.compute.amazonaws.com",
            "public_ip": "3.15.149.8",
            "root_block_device": [
              {
                "delete_on_termination": true,
                "encrypted": false,
                "iops": 100,
                "kms_key_id": "",
                "volume_id": "vol-0b02ebb5a8834e32f",
                "volume_size": 8,
                "volume_type": "gp2"
              }
            ],
            "security_groups": [
              "sg-00429d9440652dda8"
            ],
            "source_dest_check": true,
            "subnet_id": "subnet-01c3015c398f28469",
            "tags": {
              "Name": "arifactory"
            },
            "tenancy": "default",
            "timeouts": null,
            "user_data": null,
            "user_data_base64": null,
            "volume_tags": {},
            "vpc_security_group_ids": [
              "sg-00429d9440652dda8"
            ]
          },
          "depends_on": [
            "aws_security_group.ingress-all-test",
            "aws_subnet.subnet-one"
          ]
        }
      ]
    },
    {
      "mode": "managed",
      "type": "aws_instance",
      "name": "ci",
      "provider": "provider.aws",
      "instances": [
        {
          "schema_version": 1,
          "attributes": {
            "ami": "ami-0d73c05040ee827f7",
            "arn": "arn:aws:ec2:us-east-2:945174976979:instance/i-0a128c2c7768453c2",
            "associate_public_ip_address": true,
            "availability_zone": "us-east-2a",
            "cpu_core_count": 1,
            "cpu_threads_per_core": 1,
            "credit_specification": [
              {
                "cpu_credits": "standard"
              }
            ],
            "disable_api_termination": false,
            "ebs_block_device": [],
            "ebs_optimized": false,
            "ephemeral_block_device": [],
            "get_password_data": false,
            "host_id": null,
            "iam_instance_profile": "",
            "id": "i-0a128c2c7768453c2",
            "instance_initiated_shutdown_behavior": null,
            "instance_state": "running",
            "instance_type": "t2.micro",
            "ipv6_address_count": 0,
            "ipv6_addresses": [],
            "key_name": "testkp",
            "monitoring": false,
            "network_interface": [],
            "network_interface_id": null,
            "password_data": "",
            "placement_group": "",
            "primary_network_interface_id": "eni-0ec7aa8e84dcbe064",
            "private_dns": "ip-10-0-43-159.us-east-2.compute.internal",
            "private_ip": "10.0.43.159",
            "public_dns": "ec2-13-58-7-242.us-east-2.compute.amazonaws.com",
            "public_ip": "13.58.7.242",
            "root_block_device": [
              {
                "delete_on_termination": true,
                "encrypted": false,
                "iops": 100,
                "kms_key_id": "",
                "volume_id": "vol-0ec6625188cc735dd",
                "volume_size": 8,
                "volume_type": "gp2"
              }
            ],
            "security_groups": [
              "sg-00429d9440652dda8"
            ],
            "source_dest_check": true,
            "subnet_id": "subnet-01c3015c398f28469",
            "tags": {
              "Name": "ci"
            },
            "tenancy": "default",
            "timeouts": null,
            "user_data": null,
            "user_data_base64": null,
            "volume_tags": {},
            "vpc_security_group_ids": [
              "sg-00429d9440652dda8"
            ]
          },
          "depends_on": [
            "aws_security_group.ingress-all-test",
            "aws_subnet.subnet-one"
          ]
        }
      ]
    },
    {
      "mode": "managed",
      "type": "aws_instance",
      "name": "devtools",
      "provider": "provider.aws",
      "instances": [
        {
          "schema_version": 1,
          "attributes": {
            "ami": "ami-0d73c05040ee827f7",
            "arn": "arn:aws:ec2:us-east-2:945174976979:instance/i-0c65acae86782ffbf",
            "associate_public_ip_address": true,
            "availability_zone": "us-east-2a",
            "cpu_core_count": 1,
            "cpu_threads_per_core": 1,
            "credit_specification": [
              {
                "cpu_credits": "standard"
              }
            ],
            "disable_api_termination": false,
            "ebs_block_device": [],
            "ebs_optimized": false,
            "ephemeral_block_device": [],
            "get_password_data": false,
            "host_id": null,
            "iam_instance_profile": "",
            "id": "i-0c65acae86782ffbf",
            "instance_initiated_shutdown_behavior": null,
            "instance_state": "running",
            "instance_type": "t2.micro",
            "ipv6_address_count": 0,
            "ipv6_addresses": [],
            "key_name": "testkp",
            "monitoring": false,
            "network_interface": [],
            "network_interface_id": null,
            "password_data": "",
            "placement_group": "",
            "primary_network_interface_id": "eni-027bf8e3ad9bb42ad",
            "private_dns": "ip-10-0-63-9.us-east-2.compute.internal",
            "private_ip": "10.0.63.9",
            "public_dns": "ec2-3-17-157-141.us-east-2.compute.amazonaws.com",
            "public_ip": "3.17.157.141",
            "root_block_device": [
              {
                "delete_on_termination": true,
                "encrypted": false,
                "iops": 100,
                "kms_key_id": "",
                "volume_id": "vol-042b9cc0aee4ed428",
                "volume_size": 8,
                "volume_type": "gp2"
              }
            ],
            "security_groups": [
              "sg-00429d9440652dda8"
            ],
            "source_dest_check": true,
            "subnet_id": "subnet-01c3015c398f28469",
            "tags": {
              "Name": "devtools"
            },
            "tenancy": "default",
            "timeouts": null,
            "user_data": null,
            "user_data_base64": null,
            "volume_tags": {},
            "vpc_security_group_ids": [
              "sg-00429d9440652dda8"
            ]
          },
          "depends_on": [
            "aws_security_group.ingress-all-test",
            "aws_subnet.subnet-one"
          ]
        }
      ]
    },
    {
      "mode": "managed",
      "type": "aws_instance",
      "name": "qa",
      "provider": "provider.aws",
      "instances": [
        {
          "schema_version": 1,
          "attributes": {
            "ami": "ami-0d73c05040ee827f7",
            "arn": "arn:aws:ec2:us-east-2:945174976979:instance/i-06a4e6106afb2e3cc",
            "associate_public_ip_address": true,
            "availability_zone": "us-east-2a",
            "cpu_core_count": 1,
            "cpu_threads_per_core": 1,
            "credit_specification": [
              {
                "cpu_credits": "standard"
              }
            ],
            "disable_api_termination": false,
            "ebs_block_device": [],
            "ebs_optimized": false,
            "ephemeral_block_device": [],
            "get_password_data": false,
            "host_id": null,
            "iam_instance_profile": "",
            "id": "i-06a4e6106afb2e3cc",
            "instance_initiated_shutdown_behavior": null,
            "instance_state": "running",
            "instance_type": "t2.micro",
            "ipv6_address_count": 0,
            "ipv6_addresses": [],
            "key_name": "testkp",
            "monitoring": false,
            "network_interface": [],
            "network_interface_id": null,
            "password_data": "",
            "placement_group": "",
            "primary_network_interface_id": "eni-08457c0ac3d7cb859",
            "private_dns": "ip-10-0-46-134.us-east-2.compute.internal",
            "private_ip": "10.0.46.134",
            "public_dns": "ec2-18-191-225-15.us-east-2.compute.amazonaws.com",
            "public_ip": "18.191.225.15",
            "root_block_device": [
              {
                "delete_on_termination": true,
                "encrypted": false,
                "iops": 100,
                "kms_key_id": "",
                "volume_id": "vol-036675ba1ec27df61",
                "volume_size": 8,
                "volume_type": "gp2"
              }
            ],
            "security_groups": [
              "sg-00429d9440652dda8"
            ],
            "source_dest_check": true,
            "subnet_id": "subnet-01c3015c398f28469",
            "tags": {
              "Name": "qa"
            },
            "tenancy": "default",
            "timeouts": null,
            "user_data": null,
            "user_data_base64": null,
            "volume_tags": {},
            "vpc_security_group_ids": [
              "sg-00429d9440652dda8"
            ]
          },
          "depends_on": [
            "aws_security_group.ingress-all-test",
            "aws_subnet.subnet-one"
          ]
        }
      ]
    },
    {
      "mode": "managed",
      "type": "aws_internet_gateway",
      "name": "dev-env-gw",
      "provider": "provider.aws",
      "instances": [
        {
          "schema_version": 0,
          "attributes": {
            "id": "igw-058784f9460b582f9",
            "owner_id": "945174976979",
            "tags": null,
            "vpc_id": "vpc-089eb1750c3ea932e"
          },
          "depends_on": [
            "aws_vpc.dev-env"
          ]
        }
      ]
    },
    {
      "mode": "managed",
      "type": "aws_route_table",
      "name": "route-table-dev-env",
      "provider": "provider.aws",
      "instances": [
        {
          "schema_version": 0,
          "attributes": {
            "id": "rtb-087629a83f19e4282",
            "owner_id": "945174976979",
            "propagating_vgws": [],
            "route": [
              {
                "cidr_block": "0.0.0.0/0",
                "egress_only_gateway_id": "",
                "gateway_id": "igw-058784f9460b582f9",
                "instance_id": "",
                "ipv6_cidr_block": "",
                "nat_gateway_id": "",
                "network_interface_id": "",
                "transit_gateway_id": "",
                "vpc_peering_connection_id": ""
              }
            ],
            "tags": null,
            "vpc_id": "vpc-089eb1750c3ea932e"
          },
          "depends_on": [
            "aws_internet_gateway.dev-env-gw",
            "aws_vpc.dev-env"
          ]
        }
      ]
    },
    {
      "mode": "managed",
      "type": "aws_route_table_association",
      "name": "subnet-association",
      "provider": "provider.aws",
      "instances": [
        {
          "schema_version": 0,
          "attributes": {
            "id": "rtbassoc-0c4294b420e943bc6",
            "route_table_id": "rtb-087629a83f19e4282",
            "subnet_id": "subnet-01c3015c398f28469"
          },
          "depends_on": [
            "aws_route_table.route-table-dev-env",
            "aws_subnet.subnet-one"
          ]
        }
      ]
    },
    {
      "mode": "managed",
      "type": "aws_security_group",
      "name": "ingress-all-test",
      "provider": "provider.aws",
      "instances": [
        {
          "schema_version": 1,
          "attributes": {
            "arn": "arn:aws:ec2:us-east-2:945174976979:security-group/sg-00429d9440652dda8",
            "description": "Managed by Terraform",
            "egress": [
              {
                "cidr_blocks": [
                  "0.0.0.0/0"
                ],
                "description": "",
                "from_port": 0,
                "ipv6_cidr_blocks": [],
                "prefix_list_ids": [],
                "protocol": "-1",
                "security_groups": [],
                "self": false,
                "to_port": 0
              }
            ],
            "id": "sg-00429d9440652dda8",
            "ingress": [
              {
                "cidr_blocks": [
                  "0.0.0.0/0"
                ],
                "description": "",
                "from_port": 22,
                "ipv6_cidr_blocks": [],
                "prefix_list_ids": [],
                "protocol": "tcp",
                "security_groups": [],
                "self": false,
                "to_port": 22
              },
              {
                "cidr_blocks": [
                  "0.0.0.0/0"
                ],
                "description": "",
                "from_port": 8080,
                "ipv6_cidr_blocks": [],
                "prefix_list_ids": [],
                "protocol": "tcp",
                "security_groups": [],
                "self": false,
                "to_port": 8080
              }
            ],
            "name": "allow-all-sg",
            "name_prefix": null,
            "owner_id": "945174976979",
            "revoke_rules_on_delete": false,
            "tags": null,
            "timeouts": null,
            "vpc_id": "vpc-089eb1750c3ea932e"
          },
          "depends_on": [
            "aws_vpc.dev-env"
          ]
        }
      ]
    },
    {
      "mode": "managed",
      "type": "aws_subnet",
      "name": "subnet-one",
      "provider": "provider.aws",
      "instances": [
        {
          "schema_version": 1,
          "attributes": {
            "arn": "arn:aws:ec2:us-east-2:945174976979:subnet/subnet-01c3015c398f28469",
            "assign_ipv6_address_on_creation": false,
            "availability_zone": "us-east-2a",
            "availability_zone_id": "use2-az1",
            "cidr_block": "10.0.32.0/19",
            "id": "subnet-01c3015c398f28469",
            "ipv6_cidr_block": "",
            "ipv6_cidr_block_association_id": "",
            "map_public_ip_on_launch": true,
            "owner_id": "945174976979",
            "tags": null,
            "timeouts": null,
            "vpc_id": "vpc-089eb1750c3ea932e"
          },
          "depends_on": [
            "aws_vpc.dev-env"
          ]
        }
      ]
    },
    {
      "mode": "managed",
      "type": "aws_vpc",
      "name": "dev-env",
      "provider": "provider.aws",
      "instances": [
        {
          "schema_version": 1,
          "attributes": {
            "arn": "arn:aws:ec2:us-east-2:945174976979:vpc/vpc-089eb1750c3ea932e",
            "assign_generated_ipv6_cidr_block": false,
            "cidr_block": "10.0.0.0/16",
            "default_network_acl_id": "acl-06fd3f42fe7325816",
            "default_route_table_id": "rtb-00e539bae5b7127f6",
            "default_security_group_id": "sg-0173af960d8dff49b",
            "dhcp_options_id": "dopt-0e6b9965",
            "enable_classiclink": null,
            "enable_classiclink_dns_support": null,
            "enable_dns_hostnames": true,
            "enable_dns_support": true,
            "id": "vpc-089eb1750c3ea932e",
            "instance_tenancy": "default",
            "ipv6_association_id": "",
            "ipv6_cidr_block": "",
            "main_route_table_id": "rtb-00e539bae5b7127f6",
            "owner_id": "945174976979",
            "tags": null
          }
        }
      ]
    }
  ]
}
